
Microsoft Visual Studio Solution File, Format Version 10.00
# Visual Studio 2008
Project("{FAE04EC0-301F-11D3-BF4B-00C04F79EFBC}") = "Lady.Mvc", "Lady.Mvc\Lady.Mvc.csproj", "{95DDE62B-8305-45B0-AD2E-34521C19B642}"
EndProject
Global
	GlobalSection(SubversionScc) = preSolution
		Svn-Managed = True
		Manager = AnkhSVN - Subversion Support for Visual Studio
	EndGlobalSection
	GlobalSection(SolutionConfigurationPlatforms) = preSolution
		Debug|Any CPU = Debug|Any CPU
		Release|Any CPU = Release|Any CPU
	EndGlobalSection
	GlobalSection(ProjectConfigurationPlatforms) = postSolution
		{95DDE62B-8305-45B0-AD2E-34521C19B642}.Debug|Any CPU.ActiveCfg = Debug|Any CPU
		{95DDE62B-8305-45B0-AD2E-34521C19B642}.Debug|Any CPU.Build.0 = Debug|Any CPU
		{95DDE62B-8305-45B0-AD2E-34521C19B642}.Release|Any CPU.ActiveCfg = Release|Any CPU
		{95DDE62B-8305-45B0-AD2E-34521C19B642}.Release|Any CPU.Build.0 = Release|Any CPU
	EndGlobalSection
	GlobalSection(SolutionProperties) = preSolution
		HideSolutionNode = FALSE
	EndGlobalSection
	GlobalSection(ExtensibilityGlobals) = postSolution
		Reflector2DestinationAssemblyName = 
		Reflector2DestinationVersion = 6.2.3.0
		Reflector2DestinationName = MySql.Web
		Reflector2DestinationLocation = C:\WINDOWS\assembly\GAC_MSIL\MySql.Web\6.2.3.0__c5687fc88969c44d\MySql.Web.dll
		Reflector2SourceAssemblyName = 
		Reflector2SourceVersion = 6.2.3.0
		Reflector2SourceName = MySql.Web
		Reflector2SourceLocation = C:\My\MySqlConnector\MySql.Web.dll
		Reflector1DestinationAssemblyName = 
		Reflector1DestinationVersion = 6.2.3.0
		Reflector1DestinationName = MySql.Data.Entity
		Reflector1DestinationLocation = C:\WINDOWS\assembly\GAC_MSIL\MySql.Data.Entity\6.2.3.0__c5687fc88969c44d\MySql.Data.Entity.dll
		Reflector1SourceAssemblyName = 
		Reflector1SourceVersion = 6.2.3.0
		Reflector1SourceName = MySql.Data.Entity
		Reflector1SourceLocation = C:\My\MySqlConnector\MySql.Data.Entity.dll
		Reflector0DestinationAssemblyName = 
		Reflector0DestinationVersion = 6.2.3.0
		Reflector0DestinationName = MySql.Data
		Reflector0DestinationLocation = C:\WINDOWS\assembly\GAC_MSIL\MySql.Data\6.2.3.0__c5687fc88969c44d\MySql.Data.dll
		Reflector0SourceAssemblyName = 
		Reflector0SourceVersion = 6.2.3.0
		Reflector0SourceName = MySql.Data
		Reflector0SourceLocation = C:\My\MySqlConnector\MySql.Data.dll
	EndGlobalSection
EndGlobal
