
Microsoft Visual Studio Solution File, Format Version 12.00
# Visual Studio 2012
Project("{FAE04EC0-301F-11D3-BF4B-00C04F79EFBC}") = "BrsmProxy", "..\BrsmProxy\BrsmProxy.csproj", "{CD6F65BB-7C5B-4A5B-9E80-FFE97DF610DB}"
EndProject
Global
	GlobalSection(SolutionConfigurationPlatforms) = preSolution
		Debug|Any CPU = Debug|Any CPU
		Release|Any CPU = Release|Any CPU
	EndGlobalSection
	GlobalSection(ProjectConfigurationPlatforms) = postSolution
		{CD6F65BB-7C5B-4A5B-9E80-FFE97DF610DB}.Debug|Any CPU.ActiveCfg = Debug|Any CPU
		{CD6F65BB-7C5B-4A5B-9E80-FFE97DF610DB}.Debug|Any CPU.Build.0 = Debug|Any CPU
		{CD6F65BB-7C5B-4A5B-9E80-FFE97DF610DB}.Release|Any CPU.ActiveCfg = Release|Any CPU
		{CD6F65BB-7C5B-4A5B-9E80-FFE97DF610DB}.Release|Any CPU.Build.0 = Release|Any CPU
	EndGlobalSection
	GlobalSection(SolutionProperties) = preSolution
		HideSolutionNode = FALSE
	EndGlobalSection
EndGlobal
